
Microsoft Visual Studio Solution File, Format Version 12.00
# Visual Studio Version 16
VisualStudioVersion = 16.0.32602.291
MinimumVisualStudioVersion = 10.0.40219.1
Project("{9A19103F-16F7-4668-BE54-9A1E7A4F7556}") = "Chess", "Chess\Chess.csproj", "{115ADE61-3A4B-4A0D-AA6B-8028D8E2BB7B}"
EndProject
Project("{FAE04EC0-301F-11D3-BF4B-00C04F79EFBC}") = "ChessServer", "ChessServer\ChessServer.csproj", "{F56088F9-F950-4978-97D4-9F3E66B04308}"
EndProject
Global
	GlobalSection(SolutionConfigurationPlatforms) = preSolution
		Debug|Any CPU = Debug|Any CPU
		Release|Any CPU = Release|Any CPU
	EndGlobalSection
	GlobalSection(ProjectConfigurationPlatforms) = postSolution
		{115ADE61-3A4B-4A0D-AA6B-8028D8E2BB7B}.Debug|Any CPU.ActiveCfg = Debug|Any CPU
		{115ADE61-3A4B-4A0D-AA6B-8028D8E2BB7B}.Debug|Any CPU.Build.0 = Debug|Any CPU
		{115ADE61-3A4B-4A0D-AA6B-8028D8E2BB7B}.Release|Any CPU.ActiveCfg = Release|Any CPU
		{115ADE61-3A4B-4A0D-AA6B-8028D8E2BB7B}.Release|Any CPU.Build.0 = Release|Any CPU
		{F56088F9-F950-4978-97D4-9F3E66B04308}.Debug|Any CPU.ActiveCfg = Debug|Any CPU
		{F56088F9-F950-4978-97D4-9F3E66B04308}.Debug|Any CPU.Build.0 = Debug|Any CPU
		{F56088F9-F950-4978-97D4-9F3E66B04308}.Release|Any CPU.ActiveCfg = Release|Any CPU
		{F56088F9-F950-4978-97D4-9F3E66B04308}.Release|Any CPU.Build.0 = Release|Any CPU
	EndGlobalSection
	GlobalSection(SolutionProperties) = preSolution
		HideSolutionNode = FALSE
	EndGlobalSection
	GlobalSection(ExtensibilityGlobals) = postSolution
		SolutionGuid = {8D861C3B-0A9E-4E55-96C2-EBCD89732E0F}
	EndGlobalSection
EndGlobal
